
Microsoft Visual Studio Solution File, Format Version 12.00
# Visual Studio Version 16
VisualStudioVersion = 16.0.31624.102
MinimumVisualStudioVersion = 10.0.40219.1
Project("{FAE04EC0-301F-11D3-BF4B-00C04F79EFBC}") = "teat9-9", "teat9-9\teat9-9.csproj", "{FBE3E253-89F4-49FB-9165-2B0C3727DB47}"
EndProject
Global
	GlobalSection(SolutionConfigurationPlatforms) = preSolution
		Debug|Any CPU = Debug|Any CPU
		Release|Any CPU = Release|Any CPU
	EndGlobalSection
	GlobalSection(ProjectConfigurationPlatforms) = postSolution
		{FBE3E253-89F4-49FB-9165-2B0C3727DB47}.Debug|Any CPU.ActiveCfg = Debug|Any CPU
		{FBE3E253-89F4-49FB-9165-2B0C3727DB47}.Debug|Any CPU.Build.0 = Debug|Any CPU
		{FBE3E253-89F4-49FB-9165-2B0C3727DB47}.Release|Any CPU.ActiveCfg = Release|Any CPU
		{FBE3E253-89F4-49FB-9165-2B0C3727DB47}.Release|Any CPU.Build.0 = Release|Any CPU
	EndGlobalSection
	GlobalSection(SolutionProperties) = preSolution
		HideSolutionNode = FALSE
	EndGlobalSection
	GlobalSection(ExtensibilityGlobals) = postSolution
		SolutionGuid = {CAD559D3-DCE1-4645-9855-9551CBC606FF}
	EndGlobalSection
EndGlobal
